
Microsoft Visual Studio Solution File, Format Version 12.00
# Visual Studio Version 17
VisualStudioVersion = 17.2.32630.192
MinimumVisualStudioVersion = 10.0.40219.1
Project("{9A19103F-16F7-4668-BE54-9A1E7A4F7556}") = "Mara.Lib", "Mara.Lib\Mara.Lib.csproj", "{830A446C-1587-4747-931E-4E16AECB044D}"
EndProject
Project("{9A19103F-16F7-4668-BE54-9A1E7A4F7556}") = "Mara.Generator", "Mara.Generator\Mara.Generator.csproj", "{B0D4308D-3E7A-4F67-A6D0-DD71DB31FF1C}"
EndProject
Project("{9A19103F-16F7-4668-BE54-9A1E7A4F7556}") = "Mara.Patcher", "Mara.Patcher\Mara.Patcher.csproj", "{0C02DEDB-492A-4BE4-B1FA-BAF2CB7005A3}"
EndProject
Project("{2150E333-8FDC-42A3-9474-1A3956D46DE8}") = "Libs", "Libs", "{D60235AD-6A0C-4F4A-B428-98345F8AA83E}"
EndProject
Project("{2150E333-8FDC-42A3-9474-1A3956D46DE8}") = "GUIs", "GUIs", "{F9C05C8D-7F6C-4AFC-A0C4-04FA06BB3E16}"
EndProject
Project("{2150E333-8FDC-42A3-9474-1A3956D46DE8}") = "CLIs", "CLIs", "{46AC9F2C-548A-4BEE-A321-B3B141814293}"
EndProject
Project("{9A19103F-16F7-4668-BE54-9A1E7A4F7556}") = "Mara.Tester", "Mara.Tester\Mara.Tester.csproj", "{E831C259-D40F-4865-8214-312197300A33}"
EndProject
Project("{9A19103F-16F7-4668-BE54-9A1E7A4F7556}") = "Mara.PS3.Decryptor", "Mara.PS3.Decryptor\Mara.PS3.Decryptor.csproj", "{E059DB4A-29B2-4DCD-B0FE-B0AB3421E862}"
EndProject
Project("{8BC9CEB8-8B4A-11D0-8D11-00A0C91BC942}") = "Mara.Patcher.Switch", "Mara.Patcher.Switch\Mara.Patcher.Switch.vcxproj", "{03601B6F-BF56-4A11-9B8D-3115691C716B}"
EndProject
Global
	GlobalSection(SolutionConfigurationPlatforms) = preSolution
		Debug|Any CPU = Debug|Any CPU
		Debug|NX64 = Debug|NX64
		Debug|x64 = Debug|x64
		Debug|x86 = Debug|x86
		Release|Any CPU = Release|Any CPU
		Release|NX64 = Release|NX64
		Release|x64 = Release|x64
		Release|x86 = Release|x86
	EndGlobalSection
	GlobalSection(ProjectConfigurationPlatforms) = postSolution
		{830A446C-1587-4747-931E-4E16AECB044D}.Debug|Any CPU.ActiveCfg = Debug|Any CPU
		{830A446C-1587-4747-931E-4E16AECB044D}.Debug|Any CPU.Build.0 = Debug|Any CPU
		{830A446C-1587-4747-931E-4E16AECB044D}.Debug|NX64.ActiveCfg = Debug|Any CPU
		{830A446C-1587-4747-931E-4E16AECB044D}.Debug|NX64.Build.0 = Debug|Any CPU
		{830A446C-1587-4747-931E-4E16AECB044D}.Debug|x64.ActiveCfg = Debug|Any CPU
		{830A446C-1587-4747-931E-4E16AECB044D}.Debug|x64.Build.0 = Debug|Any CPU
		{830A446C-1587-4747-931E-4E16AECB044D}.Debug|x86.ActiveCfg = Debug|Any CPU
		{830A446C-1587-4747-931E-4E16AECB044D}.Debug|x86.Build.0 = Debug|Any CPU
		{830A446C-1587-4747-931E-4E16AECB044D}.Release|Any CPU.ActiveCfg = Release|Any CPU
		{830A446C-1587-4747-931E-4E16AECB044D}.Release|Any CPU.Build.0 = Release|Any CPU
		{830A446C-1587-4747-931E-4E16AECB044D}.Release|NX64.ActiveCfg = Release|Any CPU
		{830A446C-1587-4747-931E-4E16AECB044D}.Release|NX64.Build.0 = Release|Any CPU
		{830A446C-1587-4747-931E-4E16AECB044D}.Release|x64.ActiveCfg = Release|Any CPU
		{830A446C-1587-4747-931E-4E16AECB044D}.Release|x64.Build.0 = Release|Any CPU
		{830A446C-1587-4747-931E-4E16AECB044D}.Release|x86.ActiveCfg = Release|Any CPU
		{830A446C-1587-4747-931E-4E16AECB044D}.Release|x86.Build.0 = Release|Any CPU
		{B0D4308D-3E7A-4F67-A6D0-DD71DB31FF1C}.Debug|Any CPU.ActiveCfg = Debug|Any CPU
		{B0D4308D-3E7A-4F67-A6D0-DD71DB31FF1C}.Debug|Any CPU.Build.0 = Debug|Any CPU
		{B0D4308D-3E7A-4F67-A6D0-DD71DB31FF1C}.Debug|NX64.ActiveCfg = Debug|Any CPU
		{B0D4308D-3E7A-4F67-A6D0-DD71DB31FF1C}.Debug|NX64.Build.0 = Debug|Any CPU
		{B0D4308D-3E7A-4F67-A6D0-DD71DB31FF1C}.Debug|x64.ActiveCfg = Debug|Any CPU
		{B0D4308D-3E7A-4F67-A6D0-DD71DB31FF1C}.Debug|x64.Build.0 = Debug|Any CPU
		{B0D4308D-3E7A-4F67-A6D0-DD71DB31FF1C}.Debug|x86.ActiveCfg = Debug|Any CPU
		{B0D4308D-3E7A-4F67-A6D0-DD71DB31FF1C}.Debug|x86.Build.0 = Debug|Any CPU
		{B0D4308D-3E7A-4F67-A6D0-DD71DB31FF1C}.Release|Any CPU.ActiveCfg = Release|Any CPU
		{B0D4308D-3E7A-4F67-A6D0-DD71DB31FF1C}.Release|Any CPU.Build.0 = Release|Any CPU
		{B0D4308D-3E7A-4F67-A6D0-DD71DB31FF1C}.Release|NX64.ActiveCfg = Release|Any CPU
		{B0D4308D-3E7A-4F67-A6D0-DD71DB31FF1C}.Release|NX64.Build.0 = Release|Any CPU
		{B0D4308D-3E7A-4F67-A6D0-DD71DB31FF1C}.Release|x64.ActiveCfg = Release|Any CPU
		{B0D4308D-3E7A-4F67-A6D0-DD71DB31FF1C}.Release|x64.Build.0 = Release|Any CPU
		{B0D4308D-3E7A-4F67-A6D0-DD71DB31FF1C}.Release|x86.ActiveCfg = Release|Any CPU
		{B0D4308D-3E7A-4F67-A6D0-DD71DB31FF1C}.Release|x86.Build.0 = Release|Any CPU
		{0C02DEDB-492A-4BE4-B1FA-BAF2CB7005A3}.Debug|Any CPU.ActiveCfg = Debug|Any CPU
		{0C02DEDB-492A-4BE4-B1FA-BAF2CB7005A3}.Debug|Any CPU.Build.0 = Debug|Any CPU
		{0C02DEDB-492A-4BE4-B1FA-BAF2CB7005A3}.Debug|NX64.ActiveCfg = Debug|Any CPU
		{0C02DEDB-492A-4BE4-B1FA-BAF2CB7005A3}.Debug|NX64.Build.0 = Debug|Any CPU
		{0C02DEDB-492A-4BE4-B1FA-BAF2CB7005A3}.Debug|x64.ActiveCfg = Debug|Any CPU
		{0C02DEDB-492A-4BE4-B1FA-BAF2CB7005A3}.Debug|x64.Build.0 = Debug|Any CPU
		{0C02DEDB-492A-4BE4-B1FA-BAF2CB7005A3}.Debug|x86.ActiveCfg = Debug|Any CPU
		{0C02DEDB-492A-4BE4-B1FA-BAF2CB7005A3}.Debug|x86.Build.0 = Debug|Any CPU
		{0C02DEDB-492A-4BE4-B1FA-BAF2CB7005A3}.Release|Any CPU.ActiveCfg = Release|Any CPU
		{0C02DEDB-492A-4BE4-B1FA-BAF2CB7005A3}.Release|Any CPU.Build.0 = Release|Any CPU
		{0C02DEDB-492A-4BE4-B1FA-BAF2CB7005A3}.Release|NX64.ActiveCfg = Release|Any CPU
		{0C02DEDB-492A-4BE4-B1FA-BAF2CB7005A3}.Release|NX64.Build.0 = Release|Any CPU
		{0C02DEDB-492A-4BE4-B1FA-BAF2CB7005A3}.Release|x64.ActiveCfg = Release|Any CPU
		{0C02DEDB-492A-4BE4-B1FA-BAF2CB7005A3}.Release|x64.Build.0 = Release|Any CPU
		{0C02DEDB-492A-4BE4-B1FA-BAF2CB7005A3}.Release|x86.ActiveCfg = Release|Any CPU
		{0C02DEDB-492A-4BE4-B1FA-BAF2CB7005A3}.Release|x86.Build.0 = Release|Any CPU
		{E831C259-D40F-4865-8214-312197300A33}.Debug|Any CPU.ActiveCfg = Debug|Any CPU
		{E831C259-D40F-4865-8214-312197300A33}.Debug|Any CPU.Build.0 = Debug|Any CPU
		{E831C259-D40F-4865-8214-312197300A33}.Debug|NX64.ActiveCfg = Debug|Any CPU
		{E831C259-D40F-4865-8214-312197300A33}.Debug|NX64.Build.0 = Debug|Any CPU
		{E831C259-D40F-4865-8214-312197300A33}.Debug|x64.ActiveCfg = Debug|Any CPU
		{E831C259-D40F-4865-8214-312197300A33}.Debug|x64.Build.0 = Debug|Any CPU
		{E831C259-D40F-4865-8214-312197300A33}.Debug|x86.ActiveCfg = Debug|Any CPU
		{E831C259-D40F-4865-8214-312197300A33}.Debug|x86.Build.0 = Debug|Any CPU
		{E831C259-D40F-4865-8214-312197300A33}.Release|Any CPU.ActiveCfg = Release|Any CPU
		{E831C259-D40F-4865-8214-312197300A33}.Release|Any CPU.Build.0 = Release|Any CPU
		{E831C259-D40F-4865-8214-312197300A33}.Release|NX64.ActiveCfg = Release|Any CPU
		{E831C259-D40F-4865-8214-312197300A33}.Release|NX64.Build.0 = Release|Any CPU
		{E831C259-D40F-4865-8214-312197300A33}.Release|x64.ActiveCfg = Release|Any CPU
		{E831C259-D40F-4865-8214-312197300A33}.Release|x64.Build.0 = Release|Any CPU
		{E831C259-D40F-4865-8214-312197300A33}.Release|x86.ActiveCfg = Release|Any CPU
		{E831C259-D40F-4865-8214-312197300A33}.Release|x86.Build.0 = Release|Any CPU
		{E059DB4A-29B2-4DCD-B0FE-B0AB3421E862}.Debug|Any CPU.ActiveCfg = Debug|Any CPU
		{E059DB4A-29B2-4DCD-B0FE-B0AB3421E862}.Debug|Any CPU.Build.0 = Debug|Any CPU
		{E059DB4A-29B2-4DCD-B0FE-B0AB3421E862}.Debug|NX64.ActiveCfg = Debug|Any CPU
		{E059DB4A-29B2-4DCD-B0FE-B0AB3421E862}.Debug|NX64.Build.0 = Debug|Any CPU
		{E059DB4A-29B2-4DCD-B0FE-B0AB3421E862}.Debug|x64.ActiveCfg = Debug|Any CPU
		{E059DB4A-29B2-4DCD-B0FE-B0AB3421E862}.Debug|x64.Build.0 = Debug|Any CPU
		{E059DB4A-29B2-4DCD-B0FE-B0AB3421E862}.Debug|x86.ActiveCfg = Debug|Any CPU
		{E059DB4A-29B2-4DCD-B0FE-B0AB3421E862}.Debug|x86.Build.0 = Debug|Any CPU
		{E059DB4A-29B2-4DCD-B0FE-B0AB3421E862}.Release|Any CPU.ActiveCfg = Release|Any CPU
		{E059DB4A-29B2-4DCD-B0FE-B0AB3421E862}.Release|Any CPU.Build.0 = Release|Any CPU
		{E059DB4A-29B2-4DCD-B0FE-B0AB3421E862}.Release|NX64.ActiveCfg = Release|Any CPU
		{E059DB4A-29B2-4DCD-B0FE-B0AB3421E862}.Release|NX64.Build.0 = Release|Any CPU
		{E059DB4A-29B2-4DCD-B0FE-B0AB3421E862}.Release|x64.ActiveCfg = Release|Any CPU
		{E059DB4A-29B2-4DCD-B0FE-B0AB3421E862}.Release|x64.Build.0 = Release|Any CPU
		{E059DB4A-29B2-4DCD-B0FE-B0AB3421E862}.Release|x86.ActiveCfg = Release|Any CPU
		{E059DB4A-29B2-4DCD-B0FE-B0AB3421E862}.Release|x86.Build.0 = Release|Any CPU
		{03601B6F-BF56-4A11-9B8D-3115691C716B}.Debug|Any CPU.ActiveCfg = Debug|x64
		{03601B6F-BF56-4A11-9B8D-3115691C716B}.Debug|Any CPU.Build.0 = Debug|x64
		{03601B6F-BF56-4A11-9B8D-3115691C716B}.Debug|NX64.ActiveCfg = Debug|NX64
		{03601B6F-BF56-4A11-9B8D-3115691C716B}.Debug|NX64.Build.0 = Debug|NX64
		{03601B6F-BF56-4A11-9B8D-3115691C716B}.Debug|x64.ActiveCfg = Debug|x64
		{03601B6F-BF56-4A11-9B8D-3115691C716B}.Debug|x64.Build.0 = Debug|x64
		{03601B6F-BF56-4A11-9B8D-3115691C716B}.Debug|x86.ActiveCfg = Debug|Win32
		{03601B6F-BF56-4A11-9B8D-3115691C716B}.Debug|x86.Build.0 = Debug|Win32
		{03601B6F-BF56-4A11-9B8D-3115691C716B}.Release|Any CPU.ActiveCfg = Release|x64
		{03601B6F-BF56-4A11-9B8D-3115691C716B}.Release|Any CPU.Build.0 = Release|x64
		{03601B6F-BF56-4A11-9B8D-3115691C716B}.Release|NX64.ActiveCfg = Release|NX64
		{03601B6F-BF56-4A11-9B8D-3115691C716B}.Release|NX64.Build.0 = Release|NX64
		{03601B6F-BF56-4A11-9B8D-3115691C716B}.Release|x64.ActiveCfg = Release|x64
		{03601B6F-BF56-4A11-9B8D-3115691C716B}.Release|x64.Build.0 = Release|x64
		{03601B6F-BF56-4A11-9B8D-3115691C716B}.Release|x86.ActiveCfg = Release|Win32
		{03601B6F-BF56-4A11-9B8D-3115691C716B}.Release|x86.Build.0 = Release|Win32
	EndGlobalSection
	GlobalSection(SolutionProperties) = preSolution
		HideSolutionNode = FALSE
	EndGlobalSection
	GlobalSection(NestedProjects) = preSolution
		{830A446C-1587-4747-931E-4E16AECB044D} = {D60235AD-6A0C-4F4A-B428-98345F8AA83E}
		{B0D4308D-3E7A-4F67-A6D0-DD71DB31FF1C} = {F9C05C8D-7F6C-4AFC-A0C4-04FA06BB3E16}
		{0C02DEDB-492A-4BE4-B1FA-BAF2CB7005A3} = {F9C05C8D-7F6C-4AFC-A0C4-04FA06BB3E16}
		{E831C259-D40F-4865-8214-312197300A33} = {46AC9F2C-548A-4BEE-A321-B3B141814293}
		{E059DB4A-29B2-4DCD-B0FE-B0AB3421E862} = {46AC9F2C-548A-4BEE-A321-B3B141814293}
		{03601B6F-BF56-4A11-9B8D-3115691C716B} = {F9C05C8D-7F6C-4AFC-A0C4-04FA06BB3E16}
	EndGlobalSection
	GlobalSection(ExtensibilityGlobals) = postSolution
		SolutionGuid = {939563DE-89D2-4814-986D-5E7EB402231D}
	EndGlobalSection
EndGlobal
